
Microsoft Visual Studio Solution File, Format Version 12.00
# Visual Studio Version 16
VisualStudioVersion = 16.0.30804.86
MinimumVisualStudioVersion = 10.0.40219.1
Project("{9A19103F-16F7-4668-BE54-9A1E7A4F7556}") = "Hospital.Patients", "Hospital.Patients\Hospital.Patients.csproj", "{F83330DE-3ED5-41AF-81CB-B1B7C633A8D3}"
EndProject
Project("{FAE04EC0-301F-11D3-BF4B-00C04F79EFBC}") = "Hospital.Journals", "Hospital.Journals\Hospital.Journals.csproj", "{86B255E7-6700-4D2D-8EC7-6B7100B2B124}"
EndProject
Project("{FAE04EC0-301F-11D3-BF4B-00C04F79EFBC}") = "Hospital.Gateway", "Hospital.Gateway\Hospital.Gateway.csproj", "{59868FF3-C437-4A96-A06C-6105076E255E}"
EndProject
Global
	GlobalSection(SolutionConfigurationPlatforms) = preSolution
		Debug|Any CPU = Debug|Any CPU
		Release|Any CPU = Release|Any CPU
	EndGlobalSection
	GlobalSection(ProjectConfigurationPlatforms) = postSolution
		{F83330DE-3ED5-41AF-81CB-B1B7C633A8D3}.Debug|Any CPU.ActiveCfg = Debug|Any CPU
		{F83330DE-3ED5-41AF-81CB-B1B7C633A8D3}.Debug|Any CPU.Build.0 = Debug|Any CPU
		{F83330DE-3ED5-41AF-81CB-B1B7C633A8D3}.Release|Any CPU.ActiveCfg = Release|Any CPU
		{F83330DE-3ED5-41AF-81CB-B1B7C633A8D3}.Release|Any CPU.Build.0 = Release|Any CPU
		{86B255E7-6700-4D2D-8EC7-6B7100B2B124}.Debug|Any CPU.ActiveCfg = Debug|Any CPU
		{86B255E7-6700-4D2D-8EC7-6B7100B2B124}.Debug|Any CPU.Build.0 = Debug|Any CPU
		{86B255E7-6700-4D2D-8EC7-6B7100B2B124}.Release|Any CPU.ActiveCfg = Release|Any CPU
		{86B255E7-6700-4D2D-8EC7-6B7100B2B124}.Release|Any CPU.Build.0 = Release|Any CPU
		{59868FF3-C437-4A96-A06C-6105076E255E}.Debug|Any CPU.ActiveCfg = Debug|Any CPU
		{59868FF3-C437-4A96-A06C-6105076E255E}.Debug|Any CPU.Build.0 = Debug|Any CPU
		{59868FF3-C437-4A96-A06C-6105076E255E}.Release|Any CPU.ActiveCfg = Release|Any CPU
		{59868FF3-C437-4A96-A06C-6105076E255E}.Release|Any CPU.Build.0 = Release|Any CPU
	EndGlobalSection
	GlobalSection(SolutionProperties) = preSolution
		HideSolutionNode = FALSE
	EndGlobalSection
	GlobalSection(ExtensibilityGlobals) = postSolution
		SolutionGuid = {5E691A09-D39F-4305-9BDA-DDB153ADC0BD}
	EndGlobalSection
EndGlobal
